Microsoft Visual Studio Solution File, Format Version 11.00
# Visual Studio 2008

Project("{978039B8-DE6D-CC8E-7237-BCE783D138B1}") = "Bubble_pop", "Assembly-CSharp.csproj", "{65E60953-0F3D-75BB-CA17-8D6281397A3B}"
EndProject
Global
	GlobalSection(SolutionConfigurationPlatforms) = preSolution
		Debug|Any CPU = Debug|Any CPU
		Release|Any CPU = Release|Any CPU
	EndGlobalSection
	GlobalSection(ProjectConfigurationPlatforms) = postSolution
		{65E60953-0F3D-75BB-CA17-8D6281397A3B}.Debug|Any CPU.ActiveCfg = Debug|Any CPU
		{65E60953-0F3D-75BB-CA17-8D6281397A3B}.Debug|Any CPU.Build.0 = Debug|Any CPU
		{65E60953-0F3D-75BB-CA17-8D6281397A3B}.Release|Any CPU.ActiveCfg = Release|Any CPU
		{65E60953-0F3D-75BB-CA17-8D6281397A3B}.Release|Any CPU.Build.0 = Release|Any CPU
	EndGlobalSection
	GlobalSection(SolutionProperties) = preSolution
		HideSolutionNode = FALSE
	EndGlobalSection
	GlobalSection(MonoDevelopProperties) = preSolution
		StartupItem = Assembly-CSharp.csproj
	EndGlobalSection
EndGlobal
